# @generated - this file is auto-generated by `mise lock` https://mise.en.dev/dev-tools/mise-lock.html

[[tools.aube]]
version = "1.25.1"
backend = "aqua:jdx/aube"

[tools.aube."platforms.linux-arm64"]
checksum = "sha256:c7efb8a0ebd8d83ac8a1c96d388b582fd2f28bae80ed81b3786e2a63d871babe"
url = "https://github.com/jdx/aube/releases/download/v1.25.1/aube-v1.25.1-aarch64-unknown-linux-gnu.tar.gz"
provenance = "github-attestations"

[tools.aube."platforms.linux-arm64-musl"]
checksum = "sha256:e5d374a6f12e0b7b71dada6e20a3a6d5e6698f235701b0ab13d2909de14592f9"
url = "https://github.com/jdx/aube/releases/download/v1.25.1/aube-v1.25.1-aarch64-unknown-linux-musl.tar.gz"
provenance = "github-attestations"

[tools.aube."platforms.linux-x64"]
checksum = "sha256:a17b12e647cf2e60998c8f6eddfb1c0d0375196fcc7c2bf05d5fc5305744638f"
url = "https://github.com/jdx/aube/releases/download/v1.25.1/aube-v1.25.1-x86_64-unknown-linux-gnu.tar.gz"
provenance = "github-attestations"

[tools.aube."platforms.linux-x64-musl"]
checksum = "sha256:7ee31f7a32dec01348e5a12e05d78f311c53ab7fb6667b19a41e182042d1c952"
url = "https://github.com/jdx/aube/releases/download/v1.25.1/aube-v1.25.1-x86_64-unknown-linux-musl.tar.gz"
provenance = "github-attestations"

[tools.aube."platforms.macos-arm64"]
checksum = "sha256:3d99c9c6d9d20f271312db39c46022898d765b6a407574f59d6accb0a430ee32"
url = "https://github.com/jdx/aube/releases/download/v1.25.1/aube-v1.25.1-aarch64-apple-darwin.tar.gz"
provenance = "github-attestations"

[tools.aube."platforms.windows-x64"]
checksum = "sha256:924c879cc92782e3ae8eb0a941b1c5d8d4d8e2bed87822fe6ebe628d40b1f276"
url = "https://github.com/jdx/aube/releases/download/v1.25.1/aube-v1.25.1-x86_64-pc-windows-msvc.zip"
provenance = "github-attestations"

[[tools.bun]]
version = "1.3.14"
backend = "core:bun"

[tools.bun."platforms.linux-arm64"]
checksum = "sha256:a27ffb63a8310375836e0d6f668ae17fa8d8d18b88c37c821c65331973a19a3b"
url = "https://github.com/oven-sh/bun/releases/download/bun-v1.3.14/bun-linux-aarch64.zip"

[tools.bun."platforms.linux-arm64-musl"]
checksum = "sha256:b98e0ad3625c5c00d1d5b5ff55605c7adddbfae151861e68ade57b2d3b8703bb"
url = "https://github.com/oven-sh/bun/releases/download/bun-v1.3.14/bun-linux-aarch64-musl.zip"

[tools.bun."platforms.linux-x64"]
checksum = "sha256:951ee2aee855f08595aeec6225226a298d3fea83a3dcd6465c09cbccdf7e848f"
url = "https://github.com/oven-sh/bun/releases/download/bun-v1.3.14/bun-linux-x64.zip"

[tools.bun."platforms.linux-x64-baseline"]
checksum = "sha256:a063908ae08b7852ca10939bbdc6ceed3ddabce8fb9402dce83d65d73b36e6c7"
url = "https://github.com/oven-sh/bun/releases/download/bun-v1.3.14/bun-linux-x64-baseline.zip"

[tools.bun."platforms.linux-x64-musl"]
checksum = "sha256:14bd9aedeebf1dba67e8def9531c89bc989ecfdf1de42e5bfcaf1b8cd9294719"
url = "https://github.com/oven-sh/bun/releases/download/bun-v1.3.14/bun-linux-x64-musl.zip"

[tools.bun."platforms.linux-x64-musl-baseline"]
checksum = "sha256:56a7d6806cf155536c0178f0ea5fbd098e684fa509ebdb4fc0a7e19fb65382dc"
url = "https://github.com/oven-sh/bun/releases/download/bun-v1.3.14/bun-linux-x64-musl-baseline.zip"

[tools.bun."platforms.macos-arm64"]
checksum = "sha256:d8b96221828ad6f97ac7ac0ab7e95872341af763001e8803e8267652c2652620"
url = "https://github.com/oven-sh/bun/releases/download/bun-v1.3.14/bun-darwin-aarch64.zip"

[tools.bun."platforms.macos-x64"]
checksum = "sha256:4183df3374623e5bab315c547cfa0974533cd457d86b73b639f7a87974cd6633"
url = "https://github.com/oven-sh/bun/releases/download/bun-v1.3.14/bun-darwin-x64.zip"

[tools.bun."platforms.macos-x64-baseline"]
checksum = "sha256:3e35ad6f53971a9834bf9e6786e2adf72b5f1921cc9a9c5fde073d2972944076"
url = "https://github.com/oven-sh/bun/releases/download/bun-v1.3.14/bun-darwin-x64-baseline.zip"

[tools.bun."platforms.windows-x64"]
checksum = "sha256:0a0620930b6675d7ba440e81f4e0e00d3cfbe096c4b140d3fff02205e9e18922"
url = "https://github.com/oven-sh/bun/releases/download/bun-v1.3.14/bun-windows-x64.zip"

[tools.bun."platforms.windows-x64-baseline"]
checksum = "sha256:538f9c846355d9e847b2671bc00c47da4229a0befb24df3282b739770f3b475f"
url = "https://github.com/oven-sh/bun/releases/download/bun-v1.3.14/bun-windows-x64-baseline.zip"

[[tools."github:howmanysmall/pullhook"]]
version = "1.1.1"
backend = "github:howmanysmall/pullhook"

[tools."github:howmanysmall/pullhook"."platforms.linux-arm64"]
checksum = "sha256:f427c6aeb9a9253089cdb278c13d6f82bfe7f73306b8ab4742d44880241ef613"
url = "https://github.com/howmanysmall/pullhook/releases/download/v1.1.1/pullhook-aarch64-unknown-linux-gnu.tar.xz"
url_api = "https://api.github.com/repos/howmanysmall/pullhook/releases/assets/419689291"

[tools."github:howmanysmall/pullhook"."platforms.linux-arm64-musl"]
checksum = "sha256:f427c6aeb9a9253089cdb278c13d6f82bfe7f73306b8ab4742d44880241ef613"
url = "https://github.com/howmanysmall/pullhook/releases/download/v1.1.1/pullhook-aarch64-unknown-linux-gnu.tar.xz"
url_api = "https://api.github.com/repos/howmanysmall/pullhook/releases/assets/419689291"

[tools."github:howmanysmall/pullhook"."platforms.linux-x64"]
checksum = "sha256:44489d2689351fb1c749792c71c09cfaef3009c7edbc42b8007cdb9f027d5959"
url = "https://github.com/howmanysmall/pullhook/releases/download/v1.1.1/pullhook-x86_64-unknown-linux-musl.tar.xz"
url_api = "https://api.github.com/repos/howmanysmall/pullhook/releases/assets/419689297"

[tools."github:howmanysmall/pullhook"."platforms.linux-x64-musl"]
checksum = "sha256:44489d2689351fb1c749792c71c09cfaef3009c7edbc42b8007cdb9f027d5959"
url = "https://github.com/howmanysmall/pullhook/releases/download/v1.1.1/pullhook-x86_64-unknown-linux-musl.tar.xz"
url_api = "https://api.github.com/repos/howmanysmall/pullhook/releases/assets/419689297"

[tools."github:howmanysmall/pullhook"."platforms.macos-arm64"]
checksum = "sha256:91a6339aab34c52e58da5f765d521b8919037372a0cb934c6f3412fd6ee43741"
url = "https://github.com/howmanysmall/pullhook/releases/download/v1.1.1/pullhook-aarch64-apple-darwin.tar.xz"
url_api = "https://api.github.com/repos/howmanysmall/pullhook/releases/assets/419689290"

[tools."github:howmanysmall/pullhook"."platforms.macos-x64"]
checksum = "sha256:8f465d07b20f226ae40b84c168e2ccabbeeaad2c32f9f0197c99f4b611dd043e"
url = "https://github.com/howmanysmall/pullhook/releases/download/v1.1.1/pullhook-x86_64-apple-darwin.tar.xz"
url_api = "https://api.github.com/repos/howmanysmall/pullhook/releases/assets/419689294"

[tools."github:howmanysmall/pullhook"."platforms.windows-x64"]
checksum = "sha256:89089232002d3c6eaa5a033f015985fab3e16aea6ca0d633bf609ac34bffae6a"
url = "https://github.com/howmanysmall/pullhook/releases/download/v1.1.1/pullhook-x86_64-pc-windows-msvc.zip"
url_api = "https://api.github.com/repos/howmanysmall/pullhook/releases/assets/419689296"

[[tools.hk]]
version = "1.48.0"
backend = "aqua:jdx/hk"

[tools.hk."platforms.linux-arm64"]
checksum = "sha256:d72463103d9682094e9b1fb2f20ef8824d1ec7a9b23f79163921bac7785fcd51"
url = "https://github.com/jdx/hk/releases/download/v1.48.0/hk-aarch64-unknown-linux-gnu.tar.gz"

[tools.hk."platforms.linux-arm64-musl"]
checksum = "sha256:c6ba1ed78e6d205f442e013ffb20e815ff6498ae12aac0705fd3132a9a9b92a0"
url = "https://github.com/jdx/hk/releases/download/v1.48.0/hk-aarch64-unknown-linux-musl.tar.gz"

[tools.hk."platforms.linux-x64"]
checksum = "sha256:6b7f9a28391a8b13b88208d723cbde7b945d095cbb03455c7dd5f8df551ed380"
url = "https://github.com/jdx/hk/releases/download/v1.48.0/hk-x86_64-unknown-linux-gnu.tar.gz"

[tools.hk."platforms.linux-x64-musl"]
checksum = "sha256:bde5bcaab4035488520ab977f23bfe0b1b639152c6ed7200c9592724e2afe88d"
url = "https://github.com/jdx/hk/releases/download/v1.48.0/hk-x86_64-unknown-linux-musl.tar.gz"

[tools.hk."platforms.macos-arm64"]
checksum = "sha256:e3985a14f41ba5eb849bf79502ad19201d0a582114a5ebe35a9afff16742024b"
url = "https://github.com/jdx/hk/releases/download/v1.48.0/hk-aarch64-apple-darwin.tar.gz"

[tools.hk."platforms.windows-x64"]
checksum = "sha256:6349ab27cd7a9c07e68edc7c2af0859c8a540482e97a5b7306e9e88460a5ca43"
url = "https://github.com/jdx/hk/releases/download/v1.48.0/hk-x86_64-pc-windows-msvc.zip"

[[tools.node]]
version = "25.9.0"
backend = "core:node"

[tools.node."platforms.linux-arm64"]
checksum = "sha256:8fb4283301b8c720fc9f18bffff0f659e72cc14d0cf207a3bb411808aaa73a57"
url = "https://nodejs.org/dist/v25.9.0/node-v25.9.0-linux-arm64.tar.gz"

[tools.node."platforms.linux-arm64-musl"]
checksum = "sha256:97f6fe125faa51f84a7bb600d0cd7aefcfaaa0e75a5f49a7c61c3df91d12d535"
url = "https://unofficial-builds.nodejs.org/download/release/v25.9.0/node-v25.9.0-linux-arm64-musl.tar.gz"

[tools.node."platforms.linux-x64"]
checksum = "sha256:134e55b2408448a219760fe04dc44d6851f9de8a79549021ffd870e9082d9e7b"
url = "https://nodejs.org/dist/v25.9.0/node-v25.9.0-linux-x64.tar.gz"

[tools.node."platforms.linux-x64-musl"]
checksum = "sha256:1ac44af012be6bc17f1e3723edbf12897c0baeae5d1dc75b9f97d71413e4c8f5"
url = "https://unofficial-builds.nodejs.org/download/release/v25.9.0/node-v25.9.0-linux-x64-musl.tar.gz"

[tools.node."platforms.macos-arm64"]
checksum = "sha256:e479f3c469d3d9303a44f00a8ea37a3788395d171bb8059c48a4bbbd2e371b59"
url = "https://nodejs.org/dist/v25.9.0/node-v25.9.0-darwin-arm64.tar.gz"

[tools.node."platforms.macos-x64"]
checksum = "sha256:7d737b53ce191142bfa1c17cfa5b070d96e84eebf76b8dd06d84981cbdc3f7e3"
url = "https://nodejs.org/dist/v25.9.0/node-v25.9.0-darwin-x64.tar.gz"

[tools.node."platforms.windows-x64"]
checksum = "sha256:929552b8305effac843ba7b4270c437aefb702fc3fbd73fcd1bffd35d4ac284e"
url = "https://nodejs.org/dist/v25.9.0/node-v25.9.0-win-x64.zip"

[[tools.pkl]]
version = "0.31.1"
backend = "aqua:apple/pkl"

[tools.pkl."platforms.linux-arm64"]
checksum = "sha256:7ef10e743daa921fb94ae7bdb9ec6986f362bf250c55814b9ea2aeb13f2d083e"
url = "https://github.com/apple/pkl/releases/download/0.31.1/pkl-linux-aarch64"

[tools.pkl."platforms.linux-arm64-musl"]
checksum = "sha256:7ef10e743daa921fb94ae7bdb9ec6986f362bf250c55814b9ea2aeb13f2d083e"
url = "https://github.com/apple/pkl/releases/download/0.31.1/pkl-linux-aarch64"

[tools.pkl."platforms.linux-x64"]
checksum = "sha256:618f13955d755cafbfe8c9cba1d27635848cd49dbc6abffd398d2751db1231bf"
url = "https://github.com/apple/pkl/releases/download/0.31.1/pkl-linux-amd64"

[tools.pkl."platforms.linux-x64-musl"]
checksum = "sha256:618f13955d755cafbfe8c9cba1d27635848cd49dbc6abffd398d2751db1231bf"
url = "https://github.com/apple/pkl/releases/download/0.31.1/pkl-linux-amd64"

[tools.pkl."platforms.macos-arm64"]
checksum = "sha256:1b6a5438d9624cd2798a7530721bbbfa27ef72efe5c878a1b6c546c6e7ca0e8f"
url = "https://github.com/apple/pkl/releases/download/0.31.1/pkl-macos-aarch64"

[tools.pkl."platforms.macos-x64"]
checksum = "sha256:22123ed4ae4c03afa8c54c69f77f0bec39b0fa0f67b09d6d148e0a376a2a471d"
url = "https://github.com/apple/pkl/releases/download/0.31.1/pkl-macos-amd64"

[tools.pkl."platforms.windows-x64"]
checksum = "sha256:a8834481667325b44c539dbb758d7365a16389070f343c04b639bbe525ede013"
url = "https://github.com/apple/pkl/releases/download/0.31.1/pkl-windows-amd64.exe"

[[tools.rumdl]]
version = "0.2.26"
backend = "aqua:rvben/rumdl"

[tools.rumdl."platforms.linux-arm64"]
checksum = "sha256:057fa8f2bb17865cc068f1cb74c3ab5d447c7c8a0de0981ed33250d3d86012b3"
url = "https://github.com/rvben/rumdl/releases/download/v0.2.26/rumdl-v0.2.26-aarch64-unknown-linux-musl.tar.gz"
provenance = "github-attestations"

[tools.rumdl."platforms.linux-arm64-musl"]
checksum = "sha256:057fa8f2bb17865cc068f1cb74c3ab5d447c7c8a0de0981ed33250d3d86012b3"
url = "https://github.com/rvben/rumdl/releases/download/v0.2.26/rumdl-v0.2.26-aarch64-unknown-linux-musl.tar.gz"
provenance = "github-attestations"

[tools.rumdl."platforms.linux-x64"]
checksum = "sha256:7abf4fb6c3a86aa56501bba5fa75d6a0db1d8c308c46bc2280d7d6a0eb9f4ab3"
url = "https://github.com/rvben/rumdl/releases/download/v0.2.26/rumdl-v0.2.26-x86_64-unknown-linux-musl.tar.gz"
provenance = "github-attestations"

[tools.rumdl."platforms.linux-x64-musl"]
checksum = "sha256:7abf4fb6c3a86aa56501bba5fa75d6a0db1d8c308c46bc2280d7d6a0eb9f4ab3"
url = "https://github.com/rvben/rumdl/releases/download/v0.2.26/rumdl-v0.2.26-x86_64-unknown-linux-musl.tar.gz"
provenance = "github-attestations"

[tools.rumdl."platforms.macos-arm64"]
checksum = "sha256:d6f480b80b2ac4506bfa920577b515238255a3dec8b54599ea58ef18abb46fb7"
url = "https://github.com/rvben/rumdl/releases/download/v0.2.26/rumdl-v0.2.26-aarch64-apple-darwin.tar.gz"
provenance = "github-attestations"

[tools.rumdl."platforms.macos-x64"]
checksum = "sha256:f10536afbe052420727d0585f890ab2e74843f4386253c0d864b16e9b79722fc"
url = "https://github.com/rvben/rumdl/releases/download/v0.2.26/rumdl-v0.2.26-x86_64-apple-darwin.tar.gz"
provenance = "github-attestations"

[tools.rumdl."platforms.windows-x64"]
checksum = "sha256:46080db3fdea9192126809ff9ae8260987c9d7229a7504eb2513cb175e4525db"
url = "https://github.com/rvben/rumdl/releases/download/v0.2.26/rumdl-v0.2.26-x86_64-pc-windows-msvc.zip"
provenance = "github-attestations"

[[tools.tombi]]
version = "1.1.6"
backend = "aqua:tombi-toml/tombi"

[tools.tombi."platforms.linux-arm64"]
checksum = "sha256:cb3026435a3795a933b7df7d129025108d6d94675ec46b66539f2fad1a6fbd49"
url = "https://github.com/tombi-toml/tombi/releases/download/v1.1.6/tombi-cli-1.1.6-aarch64-unknown-linux-musl.tar.gz"

[tools.tombi."platforms.linux-arm64-musl"]
checksum = "sha256:cb3026435a3795a933b7df7d129025108d6d94675ec46b66539f2fad1a6fbd49"
url = "https://github.com/tombi-toml/tombi/releases/download/v1.1.6/tombi-cli-1.1.6-aarch64-unknown-linux-musl.tar.gz"

[tools.tombi."platforms.linux-x64"]
checksum = "sha256:774491f7cc990b86ee2e14d41d08743f7bd953ba2269a46ca5096e75de83e18a"
url = "https://github.com/tombi-toml/tombi/releases/download/v1.1.6/tombi-cli-1.1.6-x86_64-unknown-linux-musl.tar.gz"

[tools.tombi."platforms.linux-x64-musl"]
checksum = "sha256:774491f7cc990b86ee2e14d41d08743f7bd953ba2269a46ca5096e75de83e18a"
url = "https://github.com/tombi-toml/tombi/releases/download/v1.1.6/tombi-cli-1.1.6-x86_64-unknown-linux-musl.tar.gz"

[tools.tombi."platforms.macos-arm64"]
checksum = "sha256:85775462cd3dc5e6f184a2633df7c114a84184d4b04c5f8e512760bf9e09fc97"
url = "https://github.com/tombi-toml/tombi/releases/download/v1.1.6/tombi-cli-1.1.6-aarch64-apple-darwin.tar.gz"

[tools.tombi."platforms.macos-x64"]
checksum = "sha256:e0e81fbbd629d207a739e13b849246dba9ae43f744d2cdd3c8cd00939a8ffe2a"
url = "https://github.com/tombi-toml/tombi/releases/download/v1.1.6/tombi-cli-1.1.6-x86_64-apple-darwin.tar.gz"

[tools.tombi."platforms.windows-x64"]
checksum = "sha256:44938ccdae426a576e63f95c2ff8a762f40d995540db6771665cc2990cfccc8a"
url = "https://github.com/tombi-toml/tombi/releases/download/v1.1.6/tombi-cli-1.1.6-x86_64-pc-windows-msvc.zip"
